
Microsoft Visual Studio Solution File, Format Version 12.00
# Visual Studio Version 16
VisualStudioVersion = 16.0.30717.126
MinimumVisualStudioVersion = 10.0.40219.1
Project("{FAE04EC0-301F-11D3-BF4B-00C04F79EFBC}") = "Xamarin maps and geolocation.Android", "Xamarin maps and geolocation.Android\Xamarin maps and geolocation.Android.csproj", "{4FDEF502-F917-4BB4-820D-092288F2F124}"
EndProject
Project("{FAE04EC0-301F-11D3-BF4B-00C04F79EFBC}") = "Xamarin maps and geolocation", "Xamarin maps and geolocation\Xamarin maps and geolocation.csproj", "{135F93AC-C8F6-4417-96DD-5EFD392C0DC7}"
EndProject
Global
	GlobalSection(SolutionConfigurationPlatforms) = preSolution
		Debug|Any CPU = Debug|Any CPU
		Release|Any CPU = Release|Any CPU
	EndGlobalSection
	GlobalSection(ProjectConfigurationPlatforms) = postSolution
		{4FDEF502-F917-4BB4-820D-092288F2F124}.Debug|Any CPU.ActiveCfg = Debug|Any CPU
		{4FDEF502-F917-4BB4-820D-092288F2F124}.Debug|Any CPU.Build.0 = Debug|Any CPU
		{4FDEF502-F917-4BB4-820D-092288F2F124}.Debug|Any CPU.Deploy.0 = Debug|Any CPU
		{4FDEF502-F917-4BB4-820D-092288F2F124}.Release|Any CPU.ActiveCfg = Release|Any CPU
		{4FDEF502-F917-4BB4-820D-092288F2F124}.Release|Any CPU.Build.0 = Release|Any CPU
		{4FDEF502-F917-4BB4-820D-092288F2F124}.Release|Any CPU.Deploy.0 = Release|Any CPU
		{135F93AC-C8F6-4417-96DD-5EFD392C0DC7}.Debug|Any CPU.ActiveCfg = Debug|Any CPU
		{135F93AC-C8F6-4417-96DD-5EFD392C0DC7}.Debug|Any CPU.Build.0 = Debug|Any CPU
		{135F93AC-C8F6-4417-96DD-5EFD392C0DC7}.Debug|Any CPU.Deploy.0 = Debug|Any CPU
		{135F93AC-C8F6-4417-96DD-5EFD392C0DC7}.Release|Any CPU.ActiveCfg = Release|Any CPU
		{135F93AC-C8F6-4417-96DD-5EFD392C0DC7}.Release|Any CPU.Build.0 = Release|Any CPU
		{135F93AC-C8F6-4417-96DD-5EFD392C0DC7}.Release|Any CPU.Deploy.0 = Release|Any CPU
	EndGlobalSection
	GlobalSection(SolutionProperties) = preSolution
		HideSolutionNode = FALSE
	EndGlobalSection
	GlobalSection(ExtensibilityGlobals) = postSolution
		SolutionGuid = {2552F6E1-6EF6-4F41-9154-662A5030984F}
	EndGlobalSection
EndGlobal
